// !$*UTF8*$!
{
	archiveVersion = 1;
	classes = {
	};
	objectVersion = 56;
	objects = {

/* Begin PBXBuildFile section */
		353FA5912C9016F600354DC0 /* AppDelegate.swift in Sources */ = {isa = PBXBuildFile; fileRef = 353FA5902C9016F600354DC0 /* AppDelegate.swift */; };
		353FA5932C9016F600354DC0 /* SceneDelegate.swift in Sources */ = {isa = PBXBuildFile; fileRef = 353FA5922C9016F600354DC0 /* SceneDelegate.swift */; };
		353FA5952C9016F600354DC0 /* TodoListViewController.swift in Sources */ = {isa = PBXBuildFile; fileRef = 353FA5942C9016F600354DC0 /* TodoListViewController.swift */; };
		353FA59A2C9016F800354DC0 /* Assets.xcassets in Resources */ = {isa = PBXBuildFile; fileRef = 353FA5992C9016F800354DC0 /* Assets.xcassets */; };
		353FA59D2C9016F800354DC0 /* LaunchScreen.storyboard in Resources */ = {isa = PBXBuildFile; fileRef = 353FA59B2C9016F800354DC0 /* LaunchScreen.storyboard */; };
		353FA5A82C908EB400354DC0 /* ITaskManager.swift in Sources */ = {isa = PBXBuildFile; fileRef = 353FA5A72C908EB400354DC0 /* ITaskManager.swift */; };
		353FA5AA2C908ECE00354DC0 /* Tasks.swift in Sources */ = {isa = PBXBuildFile; fileRef = 353FA5A92C908ECE00354DC0 /* Tasks.swift */; };
		353FA5AC2C9094D500354DC0 /* TaskManager.swift in Sources */ = {isa = PBXBuildFile; fileRef = 353FA5AB2C9094D500354DC0 /* TaskManager.swift */; };
		353FA5AE2C90985400354DC0 /* OrderedTaskManager.swift in Sources */ = {isa = PBXBuildFile; fileRef = 353FA5AD2C90985400354DC0 /* OrderedTaskManager.swift */; };
		353FA5B02C916F0B00354DC0 /* TodoListModel.swift in Sources */ = {isa = PBXBuildFile; fileRef = 353FA5AF2C916F0B00354DC0 /* TodoListModel.swift */; };
		353FA5B32C917F4D00354DC0 /* TaskRepository.swift in Sources */ = {isa = PBXBuildFile; fileRef = 353FA5B22C917F4D00354DC0 /* TaskRepository.swift */; };
		353FA5B52C91807A00354DC0 /* SectionForTaskMangerAdapter.swift in Sources */ = {isa = PBXBuildFile; fileRef = 353FA5B42C91807A00354DC0 /* SectionForTaskMangerAdapter.swift */; };
		353FA5B72C91B4A800354DC0 /* TodoListInteractor.swift in Sources */ = {isa = PBXBuildFile; fileRef = 353FA5B62C91B4A800354DC0 /* TodoListInteractor.swift */; };
		353FA5B92C91B84000354DC0 /* TodoListPresenter.swift in Sources */ = {isa = PBXBuildFile; fileRef = 353FA5B82C91B84000354DC0 /* TodoListPresenter.swift */; };
		353FA5BB2C91D5B200354DC0 /* TodoListAssembler.swift in Sources */ = {isa = PBXBuildFile; fileRef = 353FA5BA2C91D5B200354DC0 /* TodoListAssembler.swift */; };
		353FA5BF2C91D8A800354DC0 /* TodoListRouter.swift in Sources */ = {isa = PBXBuildFile; fileRef = 353FA5BE2C91D8A800354DC0 /* TodoListRouter.swift */; };
		353FA5C32C91DA6100354DC0 /* CreateTaskModel.swift in Sources */ = {isa = PBXBuildFile; fileRef = 353FA5C22C91DA6100354DC0 /* CreateTaskModel.swift */; };
		353FA5C52C91DB2A00354DC0 /* CreateTaskViewController.swift in Sources */ = {isa = PBXBuildFile; fileRef = 353FA5C42C91DB2A00354DC0 /* CreateTaskViewController.swift */; };
		353FA5C82C91DE4800354DC0 /* Sizes.swift in Sources */ = {isa = PBXBuildFile; fileRef = 353FA5C72C91DE4800354DC0 /* Sizes.swift */; };
		353FA5CA2C91DEEC00354DC0 /* CreateTaskInteractor.swift in Sources */ = {isa = PBXBuildFile; fileRef = 353FA5C92C91DEEC00354DC0 /* CreateTaskInteractor.swift */; };
		353FA5CC2C91E09D00354DC0 /* CreateTaskPresenter.swift in Sources */ = {isa = PBXBuildFile; fileRef = 353FA5CB2C91E09D00354DC0 /* CreateTaskPresenter.swift */; };
		353FA5CE2C91E11600354DC0 /* CreateTaskAssembler.swift in Sources */ = {isa = PBXBuildFile; fileRef = 353FA5CD2C91E11600354DC0 /* CreateTaskAssembler.swift */; };
		353FA5D12C91E30900354DC0 /* LoginModel.swift in Sources */ = {isa = PBXBuildFile; fileRef = 353FA5D02C91E30900354DC0 /* LoginModel.swift */; };
		353FA5D32C91E42800354DC0 /* LoginWorker.swift in Sources */ = {isa = PBXBuildFile; fileRef = 353FA5D22C91E42800354DC0 /* LoginWorker.swift */; };
		353FA5D52C91E56A00354DC0 /* LoginViewController.swift in Sources */ = {isa = PBXBuildFile; fileRef = 353FA5D42C91E56A00354DC0 /* LoginViewController.swift */; };
		353FA5D72C91E7ED00354DC0 /* LoginInteractor.swift in Sources */ = {isa = PBXBuildFile; fileRef = 353FA5D62C91E7ED00354DC0 /* LoginInteractor.swift */; };
		353FA5D92C91E91C00354DC0 /* LoginPresenter.swift in Sources */ = {isa = PBXBuildFile; fileRef = 353FA5D82C91E91C00354DC0 /* LoginPresenter.swift */; };
		353FA5DB2C91EA6100354DC0 /* LoginRouter.swift in Sources */ = {isa = PBXBuildFile; fileRef = 353FA5DA2C91EA6100354DC0 /* LoginRouter.swift */; };
		353FA5DD2C91EB8500354DC0 /* LoginAssembler.swift in Sources */ = {isa = PBXBuildFile; fileRef = 353FA5DC2C91EB8500354DC0 /* LoginAssembler.swift */; };
/* End PBXBuildFile section */

/* Begin PBXFileReference section */
		353FA58D2C9016F600354DC0 /* ToDoCleanSwiftApp.app */ = {isa = PBXFileReference; explicitFileType = wrapper.application; includeInIndex = 0; path = ToDoCleanSwiftApp.app; sourceTree = BUILT_PRODUCTS_DIR; };
		353FA5902C9016F600354DC0 /* AppDelegate.swift */ = {isa = PBXFileReference; lastKnownFileType = sourcecode.swift; path = AppDelegate.swift; sourceTree = "<group>"; };
		353FA5922C9016F600354DC0 /* SceneDelegate.swift */ = {isa = PBXFileReference; lastKnownFileType = sourcecode.swift; path = SceneDelegate.swift; sourceTree = "<group>"; };
		353FA5942C9016F600354DC0 /* TodoListViewController.swift */ = {isa = PBXFileReference; lastKnownFileType = sourcecode.swift; path = TodoListViewController.swift; sourceTree = "<group>"; };
		353FA5992C9016F800354DC0 /* Assets.xcassets */ = {isa = PBXFileReference; lastKnownFileType = folder.assetcatalog; path = Assets.xcassets; sourceTree = "<group>"; };
		353FA59C2C9016F800354DC0 /* Base */ = {isa = PBXFileReference; lastKnownFileType = file.storyboard; name = Base; path = Base.lproj/LaunchScreen.storyboard; sourceTree = "<group>"; };
		353FA59E2C9016F800354DC0 /* Info.plist */ = {isa = PBXFileReference; lastKnownFileType = text.plist.xml; path = Info.plist; sourceTree = "<group>"; };
		353FA5A72C908EB400354DC0 /* ITaskManager.swift */ = {isa = PBXFileReference; lastKnownFileType = sourcecode.swift; path = ITaskManager.swift; sourceTree = "<group>"; };
		353FA5A92C908ECE00354DC0 /* Tasks.swift */ = {isa = PBXFileReference; lastKnownFileType = sourcecode.swift; path = Tasks.swift; sourceTree = "<group>"; };
		353FA5AB2C9094D500354DC0 /* TaskManager.swift */ = {isa = PBXFileReference; lastKnownFileType = sourcecode.swift; path = TaskManager.swift; sourceTree = "<group>"; };
		353FA5AD2C90985400354DC0 /* OrderedTaskManager.swift */ = {isa = PBXFileReference; lastKnownFileType = sourcecode.swift; path = OrderedTaskManager.swift; sourceTree = "<group>"; };
		353FA5AF2C916F0B00354DC0 /* TodoListModel.swift */ = {isa = PBXFileReference; lastKnownFileType = sourcecode.swift; path = TodoListModel.swift; sourceTree = "<group>"; };
		353FA5B22C917F4D00354DC0 /* TaskRepository.swift */ = {isa = PBXFileReference; lastKnownFileType = sourcecode.swift; path = TaskRepository.swift; sourceTree = "<group>"; };
		353FA5B42C91807A00354DC0 /* SectionForTaskMangerAdapter.swift */ = {isa = PBXFileReference; lastKnownFileType = sourcecode.swift; path = SectionForTaskMangerAdapter.swift; sourceTree = "<group>"; };
		353FA5B62C91B4A800354DC0 /* TodoListInteractor.swift */ = {isa = PBXFileReference; lastKnownFileType = sourcecode.swift; path = TodoListInteractor.swift; sourceTree = "<group>"; };
		353FA5B82C91B84000354DC0 /* TodoListPresenter.swift */ = {isa = PBXFileReference; lastKnownFileType = sourcecode.swift; path = TodoListPresenter.swift; sourceTree = "<group>"; };
		353FA5BA2C91D5B200354DC0 /* TodoListAssembler.swift */ = {isa = PBXFileReference; lastKnownFileType = sourcecode.swift; path = TodoListAssembler.swift; sourceTree = "<group>"; };
		353FA5BE2C91D8A800354DC0 /* TodoListRouter.swift */ = {isa = PBXFileReference; lastKnownFileType = sourcecode.swift; path = TodoListRouter.swift; sourceTree = "<group>"; };
		353FA5C22C91DA6100354DC0 /* CreateTaskModel.swift */ = {isa = PBXFileReference; lastKnownFileType = sourcecode.swift; path = CreateTaskModel.swift; sourceTree = "<group>"; };
		353FA5C42C91DB2A00354DC0 /* CreateTaskViewController.swift */ = {isa = PBXFileReference; lastKnownFileType = sourcecode.swift; path = CreateTaskViewController.swift; sourceTree = "<group>"; };
		353FA5C72C91DE4800354DC0 /* Sizes.swift */ = {isa = PBXFileReference; lastKnownFileType = sourcecode.swift; path = Sizes.swift; sourceTree = "<group>"; };
		353FA5C92C91DEEC00354DC0 /* CreateTaskInteractor.swift */ = {isa = PBXFileReference; lastKnownFileType = sourcecode.swift; path = CreateTaskInteractor.swift; sourceTree = "<group>"; };
		353FA5CB2C91E09D00354DC0 /* CreateTaskPresenter.swift */ = {isa = PBXFileReference; lastKnownFileType = sourcecode.swift; path = CreateTaskPresenter.swift; sourceTree = "<group>"; };
		353FA5CD2C91E11600354DC0 /* CreateTaskAssembler.swift */ = {isa = PBXFileReference; lastKnownFileType = sourcecode.swift; path = CreateTaskAssembler.swift; sourceTree = "<group>"; };
		353FA5D02C91E30900354DC0 /* LoginModel.swift */ = {isa = PBXFileReference; lastKnownFileType = sourcecode.swift; path = LoginModel.swift; sourceTree = "<group>"; };
		353FA5D22C91E42800354DC0 /* LoginWorker.swift */ = {isa = PBXFileReference; lastKnownFileType = sourcecode.swift; path = LoginWorker.swift; sourceTree = "<group>"; };
		353FA5D42C91E56A00354DC0 /* LoginViewController.swift */ = {isa = PBXFileReference; lastKnownFileType = sourcecode.swift; path = LoginViewController.swift; sourceTree = "<group>"; };
		353FA5D62C91E7ED00354DC0 /* LoginInteractor.swift */ = {isa = PBXFileReference; lastKnownFileType = sourcecode.swift; path = LoginInteractor.swift; sourceTree = "<group>"; };
		353FA5D82C91E91C00354DC0 /* LoginPresenter.swift */ = {isa = PBXFileReference; lastKnownFileType = sourcecode.swift; path = LoginPresenter.swift; sourceTree = "<group>"; };
		353FA5DA2C91EA6100354DC0 /* LoginRouter.swift */ = {isa = PBXFileReference; lastKnownFileType = sourcecode.swift; path = LoginRouter.swift; sourceTree = "<group>"; };
		353FA5DC2C91EB8500354DC0 /* LoginAssembler.swift */ = {isa = PBXFileReference; lastKnownFileType = sourcecode.swift; path = LoginAssembler.swift; sourceTree = "<group>"; };
/* End PBXFileReference section */

/* Begin PBXFrameworksBuildPhase section */
		353FA58A2C9016F600354DC0 /* Frameworks */ = {
			isa = PBXFrameworksBuildPhase;
			buildActionMask = 2147483647;
			files = (
			);
			runOnlyForDeploymentPostprocessing = 0;
		};
/* End PBXFrameworksBuildPhase section */

/* Begin PBXGroup section */
		353FA5842C9016F600354DC0 = {
			isa = PBXGroup;
			children = (
				353FA58F2C9016F600354DC0 /* ToDoCleanSwiftApp */,
				353FA58E2C9016F600354DC0 /* Products */,
			);
			sourceTree = "<group>";
		};
		353FA58E2C9016F600354DC0 /* Products */ = {
			isa = PBXGroup;
			children = (
				353FA58D2C9016F600354DC0 /* ToDoCleanSwiftApp.app */,
			);
			name = Products;
			sourceTree = "<group>";
		};
		353FA58F2C9016F600354DC0 /* ToDoCleanSwiftApp */ = {
			isa = PBXGroup;
			children = (
				353FA5B12C917F2B00354DC0 /* Entities */,
				353FA5A62C9089FA00354DC0 /* TaskManager */,
				353FA5A52C901C6800354DC0 /* Scene */,
				353FA5C62C91DE2E00354DC0 /* Theme */,
				353FA5A42C9019F600354DC0 /* Resources */,
				353FA5902C9016F600354DC0 /* AppDelegate.swift */,
				353FA5922C9016F600354DC0 /* SceneDelegate.swift */,
			);
			path = ToDoCleanSwiftApp;
			sourceTree = "<group>";
		};
		353FA5A42C9019F600354DC0 /* Resources */ = {
			isa = PBXGroup;
			children = (
				353FA59B2C9016F800354DC0 /* LaunchScreen.storyboard */,
				353FA59E2C9016F800354DC0 /* Info.plist */,
				353FA5992C9016F800354DC0 /* Assets.xcassets */,
			);
			path = Resources;
			sourceTree = "<group>";
		};
		353FA5A52C901C6800354DC0 /* Scene */ = {
			isa = PBXGroup;
			children = (
				353FA5CF2C91E2DD00354DC0 /* Login */,
				353FA5BD2C91D86400354DC0 /* TodoList */,
			);
			path = Scene;
			sourceTree = "<group>";
		};
		353FA5A62C9089FA00354DC0 /* TaskManager */ = {
			isa = PBXGroup;
			children = (
				353FA5A72C908EB400354DC0 /* ITaskManager.swift */,
				353FA5AD2C90985400354DC0 /* OrderedTaskManager.swift */,
				353FA5AB2C9094D500354DC0 /* TaskManager.swift */,
				353FA5A92C908ECE00354DC0 /* Tasks.swift */,
			);
			path = TaskManager;
			sourceTree = "<group>";
		};
		353FA5B12C917F2B00354DC0 /* Entities */ = {
			isa = PBXGroup;
			children = (
				353FA5B22C917F4D00354DC0 /* TaskRepository.swift */,
				353FA5B42C91807A00354DC0 /* SectionForTaskMangerAdapter.swift */,
			);
			path = Entities;
			sourceTree = "<group>";
		};
		353FA5BD2C91D86400354DC0 /* TodoList */ = {
			isa = PBXGroup;
			children = (
				353FA5BE2C91D8A800354DC0 /* TodoListRouter.swift */,
				353FA5C02C91DA1000354DC0 /* TodoList */,
				353FA5C12C91DA2100354DC0 /* CreateTask */,
			);
			path = TodoList;
			sourceTree = "<group>";
		};
		353FA5C02C91DA1000354DC0 /* TodoList */ = {
			isa = PBXGroup;
			children = (
				353FA5942C9016F600354DC0 /* TodoListViewController.swift */,
				353FA5B62C91B4A800354DC0 /* TodoListInteractor.swift */,
				353FA5B82C91B84000354DC0 /* TodoListPresenter.swift */,
				353FA5AF2C916F0B00354DC0 /* TodoListModel.swift */,
				353FA5BA2C91D5B200354DC0 /* TodoListAssembler.swift */,
			);
			path = TodoList;
			sourceTree = "<group>";
		};
		353FA5C12C91DA2100354DC0 /* CreateTask */ = {
			isa = PBXGroup;
			children = (
				353FA5C22C91DA6100354DC0 /* CreateTaskModel.swift */,
				353FA5C42C91DB2A00354DC0 /* CreateTaskViewController.swift */,
				353FA5C92C91DEEC00354DC0 /* CreateTaskInteractor.swift */,
				353FA5CB2C91E09D00354DC0 /* CreateTaskPresenter.swift */,
				353FA5CD2C91E11600354DC0 /* CreateTaskAssembler.swift */,
			);
			path = CreateTask;
			sourceTree = "<group>";
		};
		353FA5C62C91DE2E00354DC0 /* Theme */ = {
			isa = PBXGroup;
			children = (
				353FA5C72C91DE4800354DC0 /* Sizes.swift */,
			);
			path = Theme;
			sourceTree = "<group>";
		};
		353FA5CF2C91E2DD00354DC0 /* Login */ = {
			isa = PBXGroup;
			children = (
				353FA5D02C91E30900354DC0 /* LoginModel.swift */,
				353FA5DA2C91EA6100354DC0 /* LoginRouter.swift */,
				353FA5DC2C91EB8500354DC0 /* LoginAssembler.swift */,
				353FA5D22C91E42800354DC0 /* LoginWorker.swift */,
				353FA5D42C91E56A00354DC0 /* LoginViewController.swift */,
				353FA5D62C91E7ED00354DC0 /* LoginInteractor.swift */,
				353FA5D82C91E91C00354DC0 /* LoginPresenter.swift */,
			);
			path = Login;
			sourceTree = "<group>";
		};
/* End PBXGroup section */

/* Begin PBXNativeTarget section */
		353FA58C2C9016F600354DC0 /* ToDoCleanSwiftApp */ = {
			isa = PBXNativeTarget;
			buildConfigurationList = 353FA5A12C9016F800354DC0 /* Build configuration list for PBXNativeTarget "ToDoCleanSwiftApp" */;
			buildPhases = (
				353FA5892C9016F600354DC0 /* Sources */,
				353FA58A2C9016F600354DC0 /* Frameworks */,
				353FA58B2C9016F600354DC0 /* Resources */,
			);
			buildRules = (
			);
			dependencies = (
			);
			name = ToDoCleanSwiftApp;
			productName = ToDoCleanSwiftApp;
			productReference = 353FA58D2C9016F600354DC0 /* ToDoCleanSwiftApp.app */;
			productType = "com.apple.product-type.application";
		};
/* End PBXNativeTarget section */

/* Begin PBXProject section */
		353FA5852C9016F600354DC0 /* Project object */ = {
			isa = PBXProject;
			attributes = {
				BuildIndependentTargetsInParallel = 1;
				LastSwiftUpdateCheck = 1520;
				LastUpgradeCheck = 1520;
				TargetAttributes = {
					353FA58C2C9016F600354DC0 = {
						CreatedOnToolsVersion = 15.2;
					};
				};
			};
			buildConfigurationList = 353FA5882C9016F600354DC0 /* Build configuration list for PBXProject "ToDoCleanSwiftApp" */;
			compatibilityVersion = "Xcode 14.0";
			developmentRegion = en;
			hasScannedForEncodings = 0;
			knownRegions = (
				en,
				Base,
			);
			mainGroup = 353FA5842C9016F600354DC0;
			productRefGroup = 353FA58E2C9016F600354DC0 /* Products */;
			projectDirPath = "";
			projectRoot = "";
			targets = (
				353FA58C2C9016F600354DC0 /* ToDoCleanSwiftApp */,
			);
		};
/* End PBXProject section */

/* Begin PBXResourcesBuildPhase section */
		353FA58B2C9016F600354DC0 /* Resources */ = {
			isa = PBXResourcesBuildPhase;
			buildActionMask = 2147483647;
			files = (
				353FA59D2C9016F800354DC0 /* LaunchScreen.storyboard in Resources */,
				353FA59A2C9016F800354DC0 /* Assets.xcassets in Resources */,
			);
			runOnlyForDeploymentPostprocessing = 0;
		};
/* End PBXResourcesBuildPhase section */

/* Begin PBXSourcesBuildPhase section */
		353FA5892C9016F600354DC0 /* Sources */ = {
			isa = PBXSourcesBuildPhase;
			buildActionMask = 2147483647;
			files = (
				353FA5B92C91B84000354DC0 /* TodoListPresenter.swift in Sources */,
				353FA5D12C91E30900354DC0 /* LoginModel.swift in Sources */,
				353FA5B52C91807A00354DC0 /* SectionForTaskMangerAdapter.swift in Sources */,
				353FA5D52C91E56A00354DC0 /* LoginViewController.swift in Sources */,
				353FA5D92C91E91C00354DC0 /* LoginPresenter.swift in Sources */,
				353FA5BB2C91D5B200354DC0 /* TodoListAssembler.swift in Sources */,
				353FA5AC2C9094D500354DC0 /* TaskManager.swift in Sources */,
				353FA5C32C91DA6100354DC0 /* CreateTaskModel.swift in Sources */,
				353FA5B02C916F0B00354DC0 /* TodoListModel.swift in Sources */,
				353FA5A82C908EB400354DC0 /* ITaskManager.swift in Sources */,
				353FA5952C9016F600354DC0 /* TodoListViewController.swift in Sources */,
				353FA5912C9016F600354DC0 /* AppDelegate.swift in Sources */,
				353FA5CA2C91DEEC00354DC0 /* CreateTaskInteractor.swift in Sources */,
				353FA5D32C91E42800354DC0 /* LoginWorker.swift in Sources */,
				353FA5DD2C91EB8500354DC0 /* LoginAssembler.swift in Sources */,
				353FA5AA2C908ECE00354DC0 /* Tasks.swift in Sources */,
				353FA5CC2C91E09D00354DC0 /* CreateTaskPresenter.swift in Sources */,
				353FA5B72C91B4A800354DC0 /* TodoListInteractor.swift in Sources */,
				353FA5CE2C91E11600354DC0 /* CreateTaskAssembler.swift in Sources */,
				353FA5BF2C91D8A800354DC0 /* TodoListRouter.swift in Sources */,
				353FA5B32C917F4D00354DC0 /* TaskRepository.swift in Sources */,
				353FA5C82C91DE4800354DC0 /* Sizes.swift in Sources */,
				353FA5D72C91E7ED00354DC0 /* LoginInteractor.swift in Sources */,
				353FA5932C9016F600354DC0 /* SceneDelegate.swift in Sources */,
				353FA5AE2C90985400354DC0 /* OrderedTaskManager.swift in Sources */,
				353FA5DB2C91EA6100354DC0 /* LoginRouter.swift in Sources */,
				353FA5C52C91DB2A00354DC0 /* CreateTaskViewController.swift in Sources */,
			);
			runOnlyForDeploymentPostprocessing = 0;
		};
/* End PBXSourcesBuildPhase section */

/* Begin PBXVariantGroup section */
		353FA59B2C9016F800354DC0 /* LaunchScreen.storyboard */ = {
			isa = PBXVariantGroup;
			children = (
				353FA59C2C9016F800354DC0 /* Base */,
			);
			name = LaunchScreen.storyboard;
			sourceTree = "<group>";
		};
/* End PBXVariantGroup section */

/* Begin XCBuildConfiguration section */
		353FA59F2C9016F800354DC0 /* Debug */ = {
			isa = XCBuildConfiguration;
			buildSettings = {
				ALWAYS_SEARCH_USER_PATHS = NO;
				ASSETCATALOG_COMPILER_GENERATE_SWIFT_ASSET_SYMBOL_EXTENSIONS = YES;
				CLANG_ANALYZER_NONNULL = YES;
				CLANG_ANALYZER_NUMBER_OBJECT_CONVERSION = YES_AGGRESSIVE;
				CLANG_CXX_LANGUAGE_STANDARD = "gnu++20";
				CLANG_ENABLE_MODULES = YES;
				CLANG_ENABLE_OBJC_ARC = YES;
				CLANG_ENABLE_OBJC_WEAK = YES;
				CLANG_WARN_BLOCK_CAPTURE_AUTORELEASING = YES;
				CLANG_WARN_BOOL_CONVERSION = YES;
				CLANG_WARN_COMMA = YES;
				CLANG_WARN_CONSTANT_CONVERSION = YES;
				CLANG_WARN_DEPRECATED_OBJC_IMPLEMENTATIONS = YES;
				CLANG_WARN_DIRECT_OBJC_ISA_USAGE = YES_ERROR;
				CLANG_WARN_DOCUMENTATION_COMMENTS = YES;
				CLANG_WARN_EMPTY_BODY = YES;
				CLANG_WARN_ENUM_CONVERSION = YES;
				CLANG_WARN_INFINITE_RECURSION = YES;
				CLANG_WARN_INT_CONVERSION = YES;
				CLANG_WARN_NON_LITERAL_NULL_CONVERSION = YES;
				CLANG_WARN_OBJC_IMPLICIT_RETAIN_SELF = YES;
				CLANG_WARN_OBJC_LITERAL_CONVERSION = YES;
				CLANG_WARN_OBJC_ROOT_CLASS = YES_ERROR;
				CLANG_WARN_QUOTED_INCLUDE_IN_FRAMEWORK_HEADER = YES;
				CLANG_WARN_RANGE_LOOP_ANALYSIS = YES;
				CLANG_WARN_STRICT_PROTOTYPES = YES;
				CLANG_WARN_SUSPICIOUS_MOVE = YES;
				CLANG_WARN_UNGUARDED_AVAILABILITY = YES_AGGRESSIVE;
				CLANG_WARN_UNREACHABLE_CODE = YES;
				CLANG_WARN__DUPLICATE_METHOD_MATCH = YES;
				COPY_PHASE_STRIP = NO;
				DEBUG_INFORMATION_FORMAT = dwarf;
				ENABLE_STRICT_OBJC_MSGSEND = YES;
				ENABLE_TESTABILITY = YES;
				ENABLE_USER_SCRIPT_SANDBOXING = YES;
				GCC_C_LANGUAGE_STANDARD = gnu17;
				GCC_DYNAMIC_NO_PIC = NO;
				GCC_NO_COMMON_BLOCKS = YES;
				GCC_OPTIMIZATION_LEVEL = 0;
				GCC_PREPROCESSOR_DEFINITIONS = (
					"DEBUG=1",
					"$(inherited)",
				);
				GCC_WARN_64_TO_32_BIT_CONVERSION = YES;
				GCC_WARN_ABOUT_RETURN_TYPE = YES_ERROR;
				GCC_WARN_UNDECLARED_SELECTOR = YES;
				GCC_WARN_UNINITIALIZED_AUTOS = YES_AGGRESSIVE;
				GCC_WARN_UNUSED_FUNCTION = YES;
				GCC_WARN_UNUSED_VARIABLE = YES;
				IPHONEOS_DEPLOYMENT_TARGET = 17.2;
				LOCALIZATION_PREFERS_STRING_CATALOGS = YES;
				MTL_ENABLE_DEBUG_INFO = INCLUDE_SOURCE;
				MTL_FAST_MATH = YES;
				ONLY_ACTIVE_ARCH = YES;
				SDKROOT = iphoneos;
				SWIFT_ACTIVE_COMPILATION_CONDITIONS = "DEBUG $(inherited)";
				SWIFT_OPTIMIZATION_LEVEL = "-Onone";
			};
			name = Debug;
		};
		353FA5A02C9016F800354DC0 /* Release */ = {
			isa = XCBuildConfiguration;
			buildSettings = {
				ALWAYS_SEARCH_USER_PATHS = NO;
				ASSETCATALOG_COMPILER_GENERATE_SWIFT_ASSET_SYMBOL_EXTENSIONS = YES;
				CLANG_ANALYZER_NONNULL = YES;
				CLANG_ANALYZER_NUMBER_OBJECT_CONVERSION = YES_AGGRESSIVE;
				CLANG_CXX_LANGUAGE_STANDARD = "gnu++20";
				CLANG_ENABLE_MODULES = YES;
				CLANG_ENABLE_OBJC_ARC = YES;
				CLANG_ENABLE_OBJC_WEAK = YES;
				CLANG_WARN_BLOCK_CAPTURE_AUTORELEASING = YES;
				CLANG_WARN_BOOL_CONVERSION = YES;
				CLANG_WARN_COMMA = YES;
				CLANG_WARN_CONSTANT_CONVERSION = YES;
				CLANG_WARN_DEPRECATED_OBJC_IMPLEMENTATIONS = YES;
				CLANG_WARN_DIRECT_OBJC_ISA_USAGE = YES_ERROR;
				CLANG_WARN_DOCUMENTATION_COMMENTS = YES;
				CLANG_WARN_EMPTY_BODY = YES;
				CLANG_WARN_ENUM_CONVERSION = YES;
				CLANG_WARN_INFINITE_RECURSION = YES;
				CLANG_WARN_INT_CONVERSION = YES;
				CLANG_WARN_NON_LITERAL_NULL_CONVERSION = YES;
				CLANG_WARN_OBJC_IMPLICIT_RETAIN_SELF = YES;
				CLANG_WARN_OBJC_LITERAL_CONVERSION = YES;
				CLANG_WARN_OBJC_ROOT_CLASS = YES_ERROR;
				CLANG_WARN_QUOTED_INCLUDE_IN_FRAMEWORK_HEADER = YES;
				CLANG_WARN_RANGE_LOOP_ANALYSIS = YES;
				CLANG_WARN_STRICT_PROTOTYPES = YES;
				CLANG_WARN_SUSPICIOUS_MOVE = YES;
				CLANG_WARN_UNGUARDED_AVAILABILITY = YES_AGGRESSIVE;
				CLANG_WARN_UNREACHABLE_CODE = YES;
				CLANG_WARN__DUPLICATE_METHOD_MATCH = YES;
				COPY_PHASE_STRIP = NO;
				DEBUG_INFORMATION_FORMAT = "dwarf-with-dsym";
				ENABLE_NS_ASSERTIONS = NO;
				ENABLE_STRICT_OBJC_MSGSEND = YES;
				ENABLE_USER_SCRIPT_SANDBOXING = YES;
				GCC_C_LANGUAGE_STANDARD = gnu17;
				GCC_NO_COMMON_BLOCKS = YES;
				GCC_WARN_64_TO_32_BIT_CONVERSION = YES;
				GCC_WARN_ABOUT_RETURN_TYPE = YES_ERROR;
				GCC_WARN_UNDECLARED_SELECTOR = YES;
				GCC_WARN_UNINITIALIZED_AUTOS = YES_AGGRESSIVE;
				GCC_WARN_UNUSED_FUNCTION = YES;
				GCC_WARN_UNUSED_VARIABLE = YES;
				IPHONEOS_DEPLOYMENT_TARGET = 17.2;
				LOCALIZATION_PREFERS_STRING_CATALOGS = YES;
				MTL_ENABLE_DEBUG_INFO = NO;
				MTL_FAST_MATH = YES;
				SDKROOT = iphoneos;
				SWIFT_COMPILATION_MODE = wholemodule;
				VALIDATE_PRODUCT = YES;
			};
			name = Release;
		};
		353FA5A22C9016F800354DC0 /* Debug */ = {
			isa = XCBuildConfiguration;
			buildSettings = {
				ASSETCATALOG_COMPILER_APPICON_NAME = AppIcon;
				ASSETCATALOG_COMPILER_GLOBAL_ACCENT_COLOR_NAME = AccentColor;
				CODE_SIGN_STYLE = Automatic;
				CURRENT_PROJECT_VERSION = 1;
				DEVELOPMENT_TEAM = XZW4VA4NWF;
				GENERATE_INFOPLIST_FILE = YES;
				INFOPLIST_FILE = ToDoCleanSwiftApp/Resources/Info.plist;
				INFOPLIST_KEY_UIApplicationSupportsIndirectInputEvents = YES;
				INFOPLIST_KEY_UILaunchStoryboardName = LaunchScreen;
				INFOPLIST_KEY_UISupportedInterfaceOrientations_iPad = "UIInterfaceOrientationPortrait UIInterfaceOrientationPortraitUpsideDown UIInterfaceOrientationLandscapeLeft UIInterfaceOrientationLandscapeRight";
				INFOPLIST_KEY_UISupportedInterfaceOrientations_iPhone = "UIInterfaceOrientationPortrait UIInterfaceOrientationLandscapeLeft UIInterfaceOrientationLandscapeRight";
				LD_RUNPATH_SEARCH_PATHS = (
					"$(inherited)",
					"@executable_path/Frameworks",
				);
				MARKETING_VERSION = 1.0;
				PRODUCT_BUNDLE_IDENTIFIER = menzhanov.ToDoCleanSwiftApp;
				PRODUCT_NAME = "$(TARGET_NAME)";
				SUPPORTED_PLATFORMS = "iphoneos iphonesimulator";
				SUPPORTS_MACCATALYST = NO;
				SUPPORTS_MAC_DESIGNED_FOR_IPHONE_IPAD = NO;
				SUPPORTS_XR_DESIGNED_FOR_IPHONE_IPAD = NO;
				SWIFT_EMIT_LOC_STRINGS = YES;
				SWIFT_VERSION = 5.0;
				TARGETED_DEVICE_FAMILY = 1;
			};
			name = Debug;
		};
		353FA5A32C9016F800354DC0 /* Release */ = {
			isa = XCBuildConfiguration;
			buildSettings = {
				ASSETCATALOG_COMPILER_APPICON_NAME = AppIcon;
				ASSETCATALOG_COMPILER_GLOBAL_ACCENT_COLOR_NAME = AccentColor;
				CODE_SIGN_STYLE = Automatic;
				CURRENT_PROJECT_VERSION = 1;
				DEVELOPMENT_TEAM = XZW4VA4NWF;
				GENERATE_INFOPLIST_FILE = YES;
				INFOPLIST_FILE = ToDoCleanSwiftApp/Resources/Info.plist;
				INFOPLIST_KEY_UIApplicationSupportsIndirectInputEvents = YES;
				INFOPLIST_KEY_UILaunchStoryboardName = LaunchScreen;
				INFOPLIST_KEY_UISupportedInterfaceOrientations_iPad = "UIInterfaceOrientationPortrait UIInterfaceOrientationPortraitUpsideDown UIInterfaceOrientationLandscapeLeft UIInterfaceOrientationLandscapeRight";
				INFOPLIST_KEY_UISupportedInterfaceOrientations_iPhone = "UIInterfaceOrientationPortrait UIInterfaceOrientationLandscapeLeft UIInterfaceOrientationLandscapeRight";
				LD_RUNPATH_SEARCH_PATHS = (
					"$(inherited)",
					"@executable_path/Frameworks",
				);
				MARKETING_VERSION = 1.0;
				PRODUCT_BUNDLE_IDENTIFIER = menzhanov.ToDoCleanSwiftApp;
				PRODUCT_NAME = "$(TARGET_NAME)";
				SUPPORTED_PLATFORMS = "iphoneos iphonesimulator";
				SUPPORTS_MACCATALYST = NO;
				SUPPORTS_MAC_DESIGNED_FOR_IPHONE_IPAD = NO;
				SUPPORTS_XR_DESIGNED_FOR_IPHONE_IPAD = NO;
				SWIFT_EMIT_LOC_STRINGS = YES;
				SWIFT_VERSION = 5.0;
				TARGETED_DEVICE_FAMILY = 1;
			};
			name = Release;
		};
/* End XCBuildConfiguration section */

/* Begin XCConfigurationList section */
		353FA5882C9016F600354DC0 /* Build configuration list for PBXProject "ToDoCleanSwiftApp" */ = {
			isa = XCConfigurationList;
			buildConfigurations = (
				353FA59F2C9016F800354DC0 /* Debug */,
				353FA5A02C9016F800354DC0 /* Release */,
			);
			defaultConfigurationIsVisible = 0;
			defaultConfigurationName = Release;
		};
		353FA5A12C9016F800354DC0 /* Build configuration list for PBXNativeTarget "ToDoCleanSwiftApp" */ = {
			isa = XCConfigurationList;
			buildConfigurations = (
				353FA5A22C9016F800354DC0 /* Debug */,
				353FA5A32C9016F800354DC0 /* Release */,
			);
			defaultConfigurationIsVisible = 0;
			defaultConfigurationName = Release;
		};
/* End XCConfigurationList section */
	};
	rootObject = 353FA5852C9016F600354DC0 /* Project object */;
}
